
Microsoft Visual Studio Solution File, Format Version 12.00
# Visual Studio Version 16
VisualStudioVersion = 16.0.31229.75
MinimumVisualStudioVersion = 10.0.40219.1
Project("{FAE04EC0-301F-11D3-BF4B-00C04F79EFBC}") = "proxy-server-dotnet", "proxy-server-dotnet\proxy-server-dotnet.csproj", "{53E11778-C100-49F3-84DE-B7DEBC68353D}"
EndProject
Global
	GlobalSection(SolutionConfigurationPlatforms) = preSolution
		Debug|Any CPU = Debug|Any CPU
		Release|Any CPU = Release|Any CPU
	EndGlobalSection
	GlobalSection(ProjectConfigurationPlatforms) = postSolution
		{53E11778-C100-49F3-84DE-B7DEBC68353D}.Debug|Any CPU.ActiveCfg = Debug|Any CPU
		{53E11778-C100-49F3-84DE-B7DEBC68353D}.Debug|Any CPU.Build.0 = Debug|Any CPU
		{53E11778-C100-49F3-84DE-B7DEBC68353D}.Release|Any CPU.ActiveCfg = Release|Any CPU
		{53E11778-C100-49F3-84DE-B7DEBC68353D}.Release|Any CPU.Build.0 = Release|Any CPU
	EndGlobalSection
	GlobalSection(SolutionProperties) = preSolution
		HideSolutionNode = FALSE
	EndGlobalSection
	GlobalSection(ExtensibilityGlobals) = postSolution
		SolutionGuid = {111158CB-6A49-4086-9576-19A57CFD6AD8}
	EndGlobalSection
EndGlobal
